{
  "mods": {
    "623475643": {
      "files": [
        "addons/enh_ace_arsenal_shortcut.pbo",
        "addons/enh_captureframeui.pbo",
        "addons/enh_eventscripts.pbo",
        "addons/enh_main.pbo",
        "addons/enh_remove_group_eventhandlers.pbo",
        "addons/enh_remove_group_marker.pbo",
        "addons/enh_remove_group_taskpatrol.pbo",
        "addons/enh_remove_marker_hideonstart.pbo",
        "addons/enh_remove_marker_markercolor.pbo",
        "addons/enh_remove_mission_addobjectstozeus.pbo",
        "addons/enh_remove_mission_airdrop.pbo",
        "addons/enh_remove_mission_ambientflyby.pbo",
        "addons/enh_remove_mission_briefing.pbo",
        "addons/enh_remove_mission_ending.pbo",
        "addons/enh_remove_mission_establishingshot.pbo",
        "addons/enh_remove_mission_introtext.pbo",
        "addons/enh_remove_mission_mapindicators.pbo",
        "addons/enh_remove_mission_missionendingcasualties.pbo",
        "addons/enh_remove_mission_missioneventhandlersglobal.pbo",
        "addons/enh_remove_mission_missioneventhandlersserver.pbo",
        "addons/enh_remove_mission_musiceventhandlersglobal.pbo",
        "addons/enh_remove_mission_spr.pbo",
        "addons/enh_remove_mission_timemultiplier.pbo",
        "addons/enh_remove_mission_visualsettings.pbo",
        "addons/enh_remove_mission_volume.pbo",
        "addons/enh_remove_multiplayer_dynamicgroups.pbo",
        "addons/enh_remove_multiplayer_dynamicskill.pbo",
        "addons/enh_remove_multiplayer_respawntickets.pbo",
        "addons/enh_remove_multiplayer_saveloadout.pbo",
        "addons/enh_remove_object_addgunlight.pbo",
        "addons/enh_remove_object_advanceddamage.pbo",
        "addons/enh_remove_object_ai.pbo",
        "addons/enh_remove_object_allowcrewinimmobile.pbo",
        "addons/enh_remove_object_allowsprint.pbo",
        "addons/enh_remove_object_ambientanimations.pbo",
        "addons/enh_remove_object_disablenvge.pbo",
        "addons/enh_remove_object_disabletie.pbo",
        "addons/enh_remove_object_dostop.pbo",
        "addons/enh_remove_object_enableheadlights.pbo",
        "addons/enh_remove_object_engineon.pbo",
        "addons/enh_remove_object_eventhandlers.pbo",
        "addons/enh_remove_object_featuretype.pbo",
        "addons/enh_remove_object_forceflag.pbo",
        "addons/enh_remove_object_forcewalk.pbo",
        "addons/enh_remove_object_fuelconsumptioncoef.pbo",
        "addons/enh_remove_object_holdaction.pbo",
        "addons/enh_remove_object_limitspeed.pbo",
        "addons/enh_remove_object_makehostage.pbo",
        "addons/enh_remove_object_objectscale.pbo",
        "addons/enh_remove_object_parachute.pbo",
        "addons/enh_remove_object_removefromremainscollector.pbo",
        "addons/enh_remove_object_setcaptive.pbo",
        "addons/enh_remove_object_setmass.pbo",
        "addons/enh_remove_object_unittraits.pbo",
        "addons/enh_remove_object_virtualarsenal.pbo",
        "addons/enh_remove_object_waterleakiness.pbo"
      ],
      "name": "Editor Extention | 3den Enhanced",
      "dependencies": [],
      "updated": "1770563268"
    }
  }
}